// !$*UTF8*$!
{
	archiveVersion = 1;
	classes = {
	};
	objectVersion = 50;
	objects = {

/* Begin PBXBuildFile section */
		6C2861022408040800D8C4B9 /* GCAppDelegate.swift in Sources */ = {isa = PBXBuildFile; fileRef = 6C2861012408040800D8C4B9 /* GCAppDelegate.swift */; };
		6C28610B2408040E00D8C4B9 /* Assets.xcassets in Resources */ = {isa = PBXBuildFile; fileRef = 6C28610A2408040E00D8C4B9 /* Assets.xcassets */; };
		6C28611A240804BD00D8C4B9 /* GCBaseViewController.swift in Sources */ = {isa = PBXBuildFile; fileRef = 6C286119240804BD00D8C4B9 /* GCBaseViewController.swift */; };
		6C286122240805C200D8C4B9 /* Instantiatable.swift in Sources */ = {isa = PBXBuildFile; fileRef = 6C286121240805C200D8C4B9 /* Instantiatable.swift */; };
		6C286124240805DA00D8C4B9 /* NibLoadable.swift in Sources */ = {isa = PBXBuildFile; fileRef = 6C286123240805DA00D8C4B9 /* NibLoadable.swift */; };
		6C286127240805F900D8C4B9 /* NSObject+Extension.swift in Sources */ = {isa = PBXBuildFile; fileRef = 6C286126240805F900D8C4B9 /* NSObject+Extension.swift */; };
		6C2861292408061700D8C4B9 /* GCConstants.swift in Sources */ = {isa = PBXBuildFile; fileRef = 6C2861282408061700D8C4B9 /* GCConstants.swift */; };
		6C28612C2408067900D8C4B9 /* Helper.swift in Sources */ = {isa = PBXBuildFile; fileRef = 6C28612B2408067900D8C4B9 /* Helper.swift */; };
		6C28612E2408069700D8C4B9 /* Alert.swift in Sources */ = {isa = PBXBuildFile; fileRef = 6C28612D2408069700D8C4B9 /* Alert.swift */; };
		6C286130240806BF00D8C4B9 /* UserDefaultsManager.swift in Sources */ = {isa = PBXBuildFile; fileRef = 6C28612F240806BF00D8C4B9 /* UserDefaultsManager.swift */; };
		6C2861342408075700D8C4B9 /* UIView+Extensions.swift in Sources */ = {isa = PBXBuildFile; fileRef = 6C2861332408075700D8C4B9 /* UIView+Extensions.swift */; };
		6C2861362408078500D8C4B9 /* UITableView+ReuseIdentifier.swift in Sources */ = {isa = PBXBuildFile; fileRef = 6C2861352408078500D8C4B9 /* UITableView+ReuseIdentifier.swift */; };
		6C2861392408079A00D8C4B9 /* UITableView+CollectionChange.swift in Sources */ = {isa = PBXBuildFile; fileRef = 6C2861382408079A00D8C4B9 /* UITableView+CollectionChange.swift */; };
		6C28613B240807C200D8C4B9 /* CollectionChange.swift in Sources */ = {isa = PBXBuildFile; fileRef = 6C28613A240807C200D8C4B9 /* CollectionChange.swift */; };
		6C28613D240807DA00D8C4B9 /* Pagination.swift in Sources */ = {isa = PBXBuildFile; fileRef = 6C28613C240807DA00D8C4B9 /* Pagination.swift */; };
		6C28613F240807EE00D8C4B9 /* UIImageView+ImageLoader.swift in Sources */ = {isa = PBXBuildFile; fileRef = 6C28613E240807EE00D8C4B9 /* UIImageView+ImageLoader.swift */; };
		6C2861422408086F00D8C4B9 /* Codable+JSONExtension.swift in Sources */ = {isa = PBXBuildFile; fileRef = 6C2861412408086F00D8C4B9 /* Codable+JSONExtension.swift */; };
		6C2861442408089000D8C4B9 /* DateFormatter+CustomFormatter.swift in Sources */ = {isa = PBXBuildFile; fileRef = 6C2861432408089000D8C4B9 /* DateFormatter+CustomFormatter.swift */; };
		6C2861482408092300D8C4B9 /* GCLoginVC.swift in Sources */ = {isa = PBXBuildFile; fileRef = 6C2861472408092300D8C4B9 /* GCLoginVC.swift */; };
		6C28614A2408097300D8C4B9 /* LoginModule.storyboard in Resources */ = {isa = PBXBuildFile; fileRef = 6C2861492408097300D8C4B9 /* LoginModule.storyboard */; };
		6C28614C2408352600D8C4B9 /* NetworkError.swift in Sources */ = {isa = PBXBuildFile; fileRef = 6C28614B2408352600D8C4B9 /* NetworkError.swift */; };
		6C2861502408365E00D8C4B9 /* RouterProtocol.swift in Sources */ = {isa = PBXBuildFile; fileRef = 6C28614F2408365E00D8C4B9 /* RouterProtocol.swift */; };
		6C286153240836D500D8C4B9 /* WSRouter.swift in Sources */ = {isa = PBXBuildFile; fileRef = 6C286152240836D500D8C4B9 /* WSRouter.swift */; };
		6C286155240836E500D8C4B9 /* WSURLConstant.swift in Sources */ = {isa = PBXBuildFile; fileRef = 6C286154240836E500D8C4B9 /* WSURLConstant.swift */; };
		6C2861572408373000D8C4B9 /* ServiceResponse.swift in Sources */ = {isa = PBXBuildFile; fileRef = 6C2861562408373000D8C4B9 /* ServiceResponse.swift */; };
		6C2861592408373E00D8C4B9 /* WSResponse.swift in Sources */ = {isa = PBXBuildFile; fileRef = 6C2861582408373E00D8C4B9 /* WSResponse.swift */; };
		6C28615B2408379800D8C4B9 /* WSFailureModel.swift in Sources */ = {isa = PBXBuildFile; fileRef = 6C28615A2408379800D8C4B9 /* WSFailureModel.swift */; };
		6C28615D240839B300D8C4B9 /* RequestManager.swift in Sources */ = {isa = PBXBuildFile; fileRef = 6C28615C240839B300D8C4B9 /* RequestManager.swift */; };
		6C28615F2408409B00D8C4B9 /* LoginViewModel.swift in Sources */ = {isa = PBXBuildFile; fileRef = 6C28615E2408409B00D8C4B9 /* LoginViewModel.swift */; };
		6C286161240840C900D8C4B9 /* UserModel.swift in Sources */ = {isa = PBXBuildFile; fileRef = 6C286160240840C900D8C4B9 /* UserModel.swift */; };
		6C2861632409631E00D8C4B9 /* GCLoginVC+ViewModelDelegate.swift in Sources */ = {isa = PBXBuildFile; fileRef = 6C2861622409631E00D8C4B9 /* GCLoginVC+ViewModelDelegate.swift */; };
		6C2861662409640000D8C4B9 /* LoadingView.swift in Sources */ = {isa = PBXBuildFile; fileRef = 6C2861652409640000D8C4B9 /* LoadingView.swift */; };
		6C30D7512409A1A5008CFE68 /* CustomView.swift in Sources */ = {isa = PBXBuildFile; fileRef = 6C30D7502409A1A5008CFE68 /* CustomView.swift */; };
		6C30D7532409A1BA008CFE68 /* CustomButton.swift in Sources */ = {isa = PBXBuildFile; fileRef = 6C30D7522409A1BA008CFE68 /* CustomButton.swift */; };
		6C30D7562409A3C4008CFE68 /* TabBarItem.swift in Sources */ = {isa = PBXBuildFile; fileRef = 6C30D7552409A3C4008CFE68 /* TabBarItem.swift */; };
		6C30D7582409A5CC008CFE68 /* TabBarItemController.swift in Sources */ = {isa = PBXBuildFile; fileRef = 6C30D7572409A5CC008CFE68 /* TabBarItemController.swift */; };
		6C30D75B2409A67C008CFE68 /* ProfileVC.swift in Sources */ = {isa = PBXBuildFile; fileRef = 6C30D75A2409A67C008CFE68 /* ProfileVC.swift */; };
		6C30D75D2409A6A9008CFE68 /* ProfileVC+ViewModelDelegate.swift in Sources */ = {isa = PBXBuildFile; fileRef = 6C30D75C2409A6A9008CFE68 /* ProfileVC+ViewModelDelegate.swift */; };
		6C30D75F2409A6CC008CFE68 /* ProfileViewModel.swift in Sources */ = {isa = PBXBuildFile; fileRef = 6C30D75E2409A6CC008CFE68 /* ProfileViewModel.swift */; };
		6C30D7612409A7D8008CFE68 /* RepoViewModel.swift in Sources */ = {isa = PBXBuildFile; fileRef = 6C30D7602409A7D8008CFE68 /* RepoViewModel.swift */; };
		6C30D7632409A80E008CFE68 /* RepoModel.swift in Sources */ = {isa = PBXBuildFile; fileRef = 6C30D7622409A80E008CFE68 /* RepoModel.swift */; };
		6C30D7672409A85D008CFE68 /* RepoRowCell.swift in Sources */ = {isa = PBXBuildFile; fileRef = 6C30D7662409A85D008CFE68 /* RepoRowCell.swift */; };
		6C30D7692409A887008CFE68 /* RepoRowCell.xib in Resources */ = {isa = PBXBuildFile; fileRef = 6C30D7682409A887008CFE68 /* RepoRowCell.xib */; };
		6C30D76B2409A95B008CFE68 /* GCTabBarController.swift in Sources */ = {isa = PBXBuildFile; fileRef = 6C30D76A2409A95B008CFE68 /* GCTabBarController.swift */; };
		6C30D76E2409AA0D008CFE68 /* EmptyView.swift in Sources */ = {isa = PBXBuildFile; fileRef = 6C30D76D2409AA0D008CFE68 /* EmptyView.swift */; };
		6C30D7702409AA26008CFE68 /* EmptyView.xib in Resources */ = {isa = PBXBuildFile; fileRef = 6C30D76F2409AA26008CFE68 /* EmptyView.xib */; };
		6C30D7732409AA82008CFE68 /* SearchVC.swift in Sources */ = {isa = PBXBuildFile; fileRef = 6C30D7722409AA82008CFE68 /* SearchVC.swift */; };
		6C30D7752409AAB9008CFE68 /* SearchVC+SearchBarDelegate.swift in Sources */ = {isa = PBXBuildFile; fileRef = 6C30D7742409AAB9008CFE68 /* SearchVC+SearchBarDelegate.swift */; };
		6C30D7772409AACB008CFE68 /* SearchVC+TableViewDelegate.swift in Sources */ = {isa = PBXBuildFile; fileRef = 6C30D7762409AACB008CFE68 /* SearchVC+TableViewDelegate.swift */; };
		6C30D7792409AB02008CFE68 /* SearchVC+TableViewDataSource.swift in Sources */ = {isa = PBXBuildFile; fileRef = 6C30D7782409AB02008CFE68 /* SearchVC+TableViewDataSource.swift */; };
		6C30D77B2409AB20008CFE68 /* SearchViewModel.swift in Sources */ = {isa = PBXBuildFile; fileRef = 6C30D77A2409AB20008CFE68 /* SearchViewModel.swift */; };
		6C30D77D2409ABD3008CFE68 /* GitHubUserListViewModel.swift in Sources */ = {isa = PBXBuildFile; fileRef = 6C30D77C2409ABD3008CFE68 /* GitHubUserListViewModel.swift */; };
		6C30D77F2409ABE4008CFE68 /* RecentSearchViewModel.swift in Sources */ = {isa = PBXBuildFile; fileRef = 6C30D77E2409ABE4008CFE68 /* RecentSearchViewModel.swift */; };
		6C30D7812409ABF8008CFE68 /* RecentSearchesManager.swift in Sources */ = {isa = PBXBuildFile; fileRef = 6C30D7802409ABF8008CFE68 /* RecentSearchesManager.swift */; };
		6C30D7832409AC10008CFE68 /* Page.swift in Sources */ = {isa = PBXBuildFile; fileRef = 6C30D7822409AC10008CFE68 /* Page.swift */; };
		6C30D7852409AC21008CFE68 /* SearchResultModel.swift in Sources */ = {isa = PBXBuildFile; fileRef = 6C30D7842409AC21008CFE68 /* SearchResultModel.swift */; };
		6C30D7882409AC73008CFE68 /* UserRowCell.swift in Sources */ = {isa = PBXBuildFile; fileRef = 6C30D7872409AC73008CFE68 /* UserRowCell.swift */; };
		6C30D78A2409AC8B008CFE68 /* UserRowCell.xib in Resources */ = {isa = PBXBuildFile; fileRef = 6C30D7892409AC8B008CFE68 /* UserRowCell.xib */; };
		6C30D78D2409ACAD008CFE68 /* LoadingCell.swift in Sources */ = {isa = PBXBuildFile; fileRef = 6C30D78C2409ACAD008CFE68 /* LoadingCell.swift */; };
		6C30D78F2409ACCA008CFE68 /* LoadingCell.xib in Resources */ = {isa = PBXBuildFile; fileRef = 6C30D78E2409ACCA008CFE68 /* LoadingCell.xib */; };
		6C30D7922409ACF4008CFE68 /* RecentSearchesCell.swift in Sources */ = {isa = PBXBuildFile; fileRef = 6C30D7912409ACF4008CFE68 /* RecentSearchesCell.swift */; };
		6C30D7942409AD0E008CFE68 /* RecentSearchesCell.xib in Resources */ = {isa = PBXBuildFile; fileRef = 6C30D7932409AD0E008CFE68 /* RecentSearchesCell.xib */; };
		6C30D7962409AE04008CFE68 /* GCTabBarController.xib in Resources */ = {isa = PBXBuildFile; fileRef = 6C30D7952409AE04008CFE68 /* GCTabBarController.xib */; };
		6C30D7982409AE49008CFE68 /* ProfileModule.storyboard in Resources */ = {isa = PBXBuildFile; fileRef = 6C30D7972409AE49008CFE68 /* ProfileModule.storyboard */; };
		6C30D79A2409AE54008CFE68 /* SearchModule.storyboard in Resources */ = {isa = PBXBuildFile; fileRef = 6C30D7992409AE54008CFE68 /* SearchModule.storyboard */; };
		6C6110732409649F00D78954 /* LoadingView.xib in Resources */ = {isa = PBXBuildFile; fileRef = 6C6110722409649F00D78954 /* LoadingView.xib */; };
		6CA551A2240C32A4001A9749 /* LaunchScreen.storyboard in Resources */ = {isa = PBXBuildFile; fileRef = 6C28610C2408040E00D8C4B9 /* LaunchScreen.storyboard */; };
		DA36A6A9157FB43A9B01F9EA /* libPods-Git-Connect.a in Frameworks */ = {isa = PBXBuildFile; fileRef = A2D34E4F63886906B5A95D13 /* libPods-Git-Connect.a */; };
/* End PBXBuildFile section */

/* Begin PBXFileReference section */
		6C2860FE2408040800D8C4B9 /* Git-Connect.app */ = {isa = PBXFileReference; explicitFileType = wrapper.application; includeInIndex = 0; path = "Git-Connect.app"; sourceTree = BUILT_PRODUCTS_DIR; };
		6C2861012408040800D8C4B9 /* GCAppDelegate.swift */ = {isa = PBXFileReference; lastKnownFileType = sourcecode.swift; path = GCAppDelegate.swift; sourceTree = "<group>"; };
		6C28610A2408040E00D8C4B9 /* Assets.xcassets */ = {isa = PBXFileReference; lastKnownFileType = folder.assetcatalog; path = Assets.xcassets; sourceTree = "<group>"; };
		6C28610D2408040E00D8C4B9 /* Base */ = {isa = PBXFileReference; lastKnownFileType = file.storyboard; name = Base; path = Base.lproj/LaunchScreen.storyboard; sourceTree = "<group>"; };
		6C28610F2408040E00D8C4B9 /* Info.plist */ = {isa = PBXFileReference; lastKnownFileType = text.plist.xml; path = Info.plist; sourceTree = "<group>"; };
		6C286119240804BD00D8C4B9 /* GCBaseViewController.swift */ = {isa = PBXFileReference; lastKnownFileType = sourcecode.swift; path = GCBaseViewController.swift; sourceTree = "<group>"; };
		6C286121240805C200D8C4B9 /* Instantiatable.swift */ = {isa = PBXFileReference; lastKnownFileType = sourcecode.swift; path = Instantiatable.swift; sourceTree = "<group>"; };
		6C286123240805DA00D8C4B9 /* NibLoadable.swift */ = {isa = PBXFileReference; lastKnownFileType = sourcecode.swift; path = NibLoadable.swift; sourceTree = "<group>"; };
		6C286126240805F900D8C4B9 /* NSObject+Extension.swift */ = {isa = PBXFileReference; lastKnownFileType = sourcecode.swift; path = "NSObject+Extension.swift"; sourceTree = "<group>"; };
		6C2861282408061700D8C4B9 /* GCConstants.swift */ = {isa = PBXFileReference; lastKnownFileType = sourcecode.swift; path = GCConstants.swift; sourceTree = "<group>"; };
		6C28612B2408067900D8C4B9 /* Helper.swift */ = {isa = PBXFileReference; lastKnownFileType = sourcecode.swift; path = Helper.swift; sourceTree = "<group>"; };
		6C28612D2408069700D8C4B9 /* Alert.swift */ = {isa = PBXFileReference; lastKnownFileType = sourcecode.swift; path = Alert.swift; sourceTree = "<group>"; };
		6C28612F240806BF00D8C4B9 /* UserDefaultsManager.swift */ = {isa = PBXFileReference; lastKnownFileType = sourcecode.swift; path = UserDefaultsManager.swift; sourceTree = "<group>"; };
		6C2861332408075700D8C4B9 /* UIView+Extensions.swift */ = {isa = PBXFileReference; lastKnownFileType = sourcecode.swift; path = "UIView+Extensions.swift"; sourceTree = "<group>"; };
		6C2861352408078500D8C4B9 /* UITableView+ReuseIdentifier.swift */ = {isa = PBXFileReference; lastKnownFileType = sourcecode.swift; path = "UITableView+ReuseIdentifier.swift"; sourceTree = "<group>"; };
		6C2861382408079A00D8C4B9 /* UITableView+CollectionChange.swift */ = {isa = PBXFileReference; lastKnownFileType = sourcecode.swift; path = "UITableView+CollectionChange.swift"; sourceTree = "<group>"; };
		6C28613A240807C200D8C4B9 /* CollectionChange.swift */ = {isa = PBXFileReference; lastKnownFileType = sourcecode.swift; path = CollectionChange.swift; sourceTree = "<group>"; };
		6C28613C240807DA00D8C4B9 /* Pagination.swift */ = {isa = PBXFileReference; lastKnownFileType = sourcecode.swift; path = Pagination.swift; sourceTree = "<group>"; };
		6C28613E240807EE00D8C4B9 /* UIImageView+ImageLoader.swift */ = {isa = PBXFileReference; lastKnownFileType = sourcecode.swift; path = "UIImageView+ImageLoader.swift"; sourceTree = "<group>"; };
		6C2861412408086F00D8C4B9 /* Codable+JSONExtension.swift */ = {isa = PBXFileReference; lastKnownFileType = sourcecode.swift; path = "Codable+JSONExtension.swift"; sourceTree = "<group>"; };
		6C2861432408089000D8C4B9 /* DateFormatter+CustomFormatter.swift */ = {isa = PBXFileReference; lastKnownFileType = sourcecode.swift; path = "DateFormatter+CustomFormatter.swift"; sourceTree = "<group>"; };
		6C2861472408092300D8C4B9 /* GCLoginVC.swift */ = {isa = PBXFileReference; lastKnownFileType = sourcecode.swift; path = GCLoginVC.swift; sourceTree = "<group>"; };
		6C2861492408097300D8C4B9 /* LoginModule.storyboard */ = {isa = PBXFileReference; lastKnownFileType = file.storyboard; path = LoginModule.storyboard; sourceTree = "<group>"; };
		6C28614B2408352600D8C4B9 /* NetworkError.swift */ = {isa = PBXFileReference; lastKnownFileType = sourcecode.swift; path = NetworkError.swift; sourceTree = "<group>"; };
		6C28614F2408365E00D8C4B9 /* RouterProtocol.swift */ = {isa = PBXFileReference; lastKnownFileType = sourcecode.swift; path = RouterProtocol.swift; sourceTree = "<group>"; };
		6C286152240836D500D8C4B9 /* WSRouter.swift */ = {isa = PBXFileReference; lastKnownFileType = sourcecode.swift; path = WSRouter.swift; sourceTree = "<group>"; };
		6C286154240836E500D8C4B9 /* WSURLConstant.swift */ = {isa = PBXFileReference; lastKnownFileType = sourcecode.swift; path = WSURLConstant.swift; sourceTree = "<group>"; };
		6C2861562408373000D8C4B9 /* ServiceResponse.swift */ = {isa = PBXFileReference; lastKnownFileType = sourcecode.swift; path = ServiceResponse.swift; sourceTree = "<group>"; };
		6C2861582408373E00D8C4B9 /* WSResponse.swift */ = {isa = PBXFileReference; lastKnownFileType = sourcecode.swift; path = WSResponse.swift; sourceTree = "<group>"; };
		6C28615A2408379800D8C4B9 /* WSFailureModel.swift */ = {isa = PBXFileReference; lastKnownFileType = sourcecode.swift; path = WSFailureModel.swift; sourceTree = "<group>"; };
		6C28615C240839B300D8C4B9 /* RequestManager.swift */ = {isa = PBXFileReference; lastKnownFileType = sourcecode.swift; path = RequestManager.swift; sourceTree = "<group>"; };
		6C28615E2408409B00D8C4B9 /* LoginViewModel.swift */ = {isa = PBXFileReference; lastKnownFileType = sourcecode.swift; path = LoginViewModel.swift; sourceTree = "<group>"; };
		6C286160240840C900D8C4B9 /* UserModel.swift */ = {isa = PBXFileReference; lastKnownFileType = sourcecode.swift; path = UserModel.swift; sourceTree = "<group>"; };
		6C2861622409631E00D8C4B9 /* GCLoginVC+ViewModelDelegate.swift */ = {isa = PBXFileReference; lastKnownFileType = sourcecode.swift; path = "GCLoginVC+ViewModelDelegate.swift"; sourceTree = "<group>"; };
		6C2861652409640000D8C4B9 /* LoadingView.swift */ = {isa = PBXFileReference; lastKnownFileType = sourcecode.swift; path = LoadingView.swift; sourceTree = "<group>"; };
		6C30D7502409A1A5008CFE68 /* CustomView.swift */ = {isa = PBXFileReference; lastKnownFileType = sourcecode.swift; path = CustomView.swift; sourceTree = "<group>"; };
		6C30D7522409A1BA008CFE68 /* CustomButton.swift */ = {isa = PBXFileReference; lastKnownFileType = sourcecode.swift; path = CustomButton.swift; sourceTree = "<group>"; };
		6C30D7552409A3C4008CFE68 /* TabBarItem.swift */ = {isa = PBXFileReference; lastKnownFileType = sourcecode.swift; path = TabBarItem.swift; sourceTree = "<group>"; };
		6C30D7572409A5CC008CFE68 /* TabBarItemController.swift */ = {isa = PBXFileReference; lastKnownFileType = sourcecode.swift; path = TabBarItemController.swift; sourceTree = "<group>"; };
		6C30D75A2409A67C008CFE68 /* ProfileVC.swift */ = {isa = PBXFileReference; lastKnownFileType = sourcecode.swift; path = ProfileVC.swift; sourceTree = "<group>"; };
		6C30D75C2409A6A9008CFE68 /* ProfileVC+ViewModelDelegate.swift */ = {isa = PBXFileReference; lastKnownFileType = sourcecode.swift; path = "ProfileVC+ViewModelDelegate.swift"; sourceTree = "<group>"; };
		6C30D75E2409A6CC008CFE68 /* ProfileViewModel.swift */ = {isa = PBXFileReference; lastKnownFileType = sourcecode.swift; path = ProfileViewModel.swift; sourceTree = "<group>"; };
		6C30D7602409A7D8008CFE68 /* RepoViewModel.swift */ = {isa = PBXFileReference; lastKnownFileType = sourcecode.swift; path = RepoViewModel.swift; sourceTree = "<group>"; };
		6C30D7622409A80E008CFE68 /* RepoModel.swift */ = {isa = PBXFileReference; lastKnownFileType = sourcecode.swift; path = RepoModel.swift; sourceTree = "<group>"; };
		6C30D7662409A85D008CFE68 /* RepoRowCell.swift */ = {isa = PBXFileReference; lastKnownFileType = sourcecode.swift; path = RepoRowCell.swift; sourceTree = "<group>"; };
		6C30D7682409A887008CFE68 /* RepoRowCell.xib */ = {isa = PBXFileReference; fileEncoding = 4; lastKnownFileType = file.xib; path = RepoRowCell.xib; sourceTree = "<group>"; };
		6C30D76A2409A95B008CFE68 /* GCTabBarController.swift */ = {isa = PBXFileReference; lastKnownFileType = sourcecode.swift; path = GCTabBarController.swift; sourceTree = "<group>"; };
		6C30D76D2409AA0D008CFE68 /* EmptyView.swift */ = {isa = PBXFileReference; lastKnownFileType = sourcecode.swift; path = EmptyView.swift; sourceTree = "<group>"; };
		6C30D76F2409AA26008CFE68 /* EmptyView.xib */ = {isa = PBXFileReference; fileEncoding = 4; lastKnownFileType = file.xib; path = EmptyView.xib; sourceTree = "<group>"; };
		6C30D7722409AA82008CFE68 /* SearchVC.swift */ = {isa = PBXFileReference; lastKnownFileType = sourcecode.swift; path = SearchVC.swift; sourceTree = "<group>"; };
		6C30D7742409AAB9008CFE68 /* SearchVC+SearchBarDelegate.swift */ = {isa = PBXFileReference; lastKnownFileType = sourcecode.swift; path = "SearchVC+SearchBarDelegate.swift"; sourceTree = "<group>"; };
		6C30D7762409AACB008CFE68 /* SearchVC+TableViewDelegate.swift */ = {isa = PBXFileReference; lastKnownFileType = sourcecode.swift; path = "SearchVC+TableViewDelegate.swift"; sourceTree = "<group>"; };
		6C30D7782409AB02008CFE68 /* SearchVC+TableViewDataSource.swift */ = {isa = PBXFileReference; lastKnownFileType = sourcecode.swift; path = "SearchVC+TableViewDataSource.swift"; sourceTree = "<group>"; };
		6C30D77A2409AB20008CFE68 /* SearchViewModel.swift */ = {isa = PBXFileReference; lastKnownFileType = sourcecode.swift; path = SearchViewModel.swift; sourceTree = "<group>"; };
		6C30D77C2409ABD3008CFE68 /* GitHubUserListViewModel.swift */ = {isa = PBXFileReference; lastKnownFileType = sourcecode.swift; path = GitHubUserListViewModel.swift; sourceTree = "<group>"; };
		6C30D77E2409ABE4008CFE68 /* RecentSearchViewModel.swift */ = {isa = PBXFileReference; lastKnownFileType = sourcecode.swift; path = RecentSearchViewModel.swift; sourceTree = "<group>"; };
		6C30D7802409ABF8008CFE68 /* RecentSearchesManager.swift */ = {isa = PBXFileReference; lastKnownFileType = sourcecode.swift; path = RecentSearchesManager.swift; sourceTree = "<group>"; };
		6C30D7822409AC10008CFE68 /* Page.swift */ = {isa = PBXFileReference; lastKnownFileType = sourcecode.swift; path = Page.swift; sourceTree = "<group>"; };
		6C30D7842409AC21008CFE68 /* SearchResultModel.swift */ = {isa = PBXFileReference; lastKnownFileType = sourcecode.swift; path = SearchResultModel.swift; sourceTree = "<group>"; };
		6C30D7872409AC73008CFE68 /* UserRowCell.swift */ = {isa = PBXFileReference; lastKnownFileType = sourcecode.swift; path = UserRowCell.swift; sourceTree = "<group>"; };
		6C30D7892409AC8B008CFE68 /* UserRowCell.xib */ = {isa = PBXFileReference; fileEncoding = 4; lastKnownFileType = file.xib; path = UserRowCell.xib; sourceTree = "<group>"; };
		6C30D78C2409ACAD008CFE68 /* LoadingCell.swift */ = {isa = PBXFileReference; lastKnownFileType = sourcecode.swift; path = LoadingCell.swift; sourceTree = "<group>"; };
		6C30D78E2409ACCA008CFE68 /* LoadingCell.xib */ = {isa = PBXFileReference; fileEncoding = 4; lastKnownFileType = file.xib; path = LoadingCell.xib; sourceTree = "<group>"; };
		6C30D7912409ACF4008CFE68 /* RecentSearchesCell.swift */ = {isa = PBXFileReference; lastKnownFileType = sourcecode.swift; path = RecentSearchesCell.swift; sourceTree = "<group>"; };
		6C30D7932409AD0E008CFE68 /* RecentSearchesCell.xib */ = {isa = PBXFileReference; fileEncoding = 4; lastKnownFileType = file.xib; path = RecentSearchesCell.xib; sourceTree = "<group>"; };
		6C30D7952409AE04008CFE68 /* GCTabBarController.xib */ = {isa = PBXFileReference; fileEncoding = 4; lastKnownFileType = file.xib; path = GCTabBarController.xib; sourceTree = "<group>"; };
		6C30D7972409AE49008CFE68 /* ProfileModule.storyboard */ = {isa = PBXFileReference; fileEncoding = 4; lastKnownFileType = file.storyboard; path = ProfileModule.storyboard; sourceTree = "<group>"; };
		6C30D7992409AE54008CFE68 /* SearchModule.storyboard */ = {isa = PBXFileReference; fileEncoding = 4; lastKnownFileType = file.storyboard; path = SearchModule.storyboard; sourceTree = "<group>"; };
		6C6110722409649F00D78954 /* LoadingView.xib */ = {isa = PBXFileReference; fileEncoding = 4; lastKnownFileType = file.xib; path = LoadingView.xib; sourceTree = "<group>"; };
		A2D34E4F63886906B5A95D13 /* libPods-Git-Connect.a */ = {isa = PBXFileReference; explicitFileType = archive.ar; includeInIndex = 0; path = "libPods-Git-Connect.a"; sourceTree = BUILT_PRODUCTS_DIR; };
		DEEC7BA6911AC430A6980054 /* Pods-Git-Connect.release.xcconfig */ = {isa = PBXFileReference; includeInIndex = 1; lastKnownFileType = text.xcconfig; name = "Pods-Git-Connect.release.xcconfig"; path = "Target Support Files/Pods-Git-Connect/Pods-Git-Connect.release.xcconfig"; sourceTree = "<group>"; };
		FEE0798E537586E0246DB0FC /* Pods-Git-Connect.debug.xcconfig */ = {isa = PBXFileReference; includeInIndex = 1; lastKnownFileType = text.xcconfig; name = "Pods-Git-Connect.debug.xcconfig"; path = "Target Support Files/Pods-Git-Connect/Pods-Git-Connect.debug.xcconfig"; sourceTree = "<group>"; };
/* End PBXFileReference section */

/* Begin PBXFrameworksBuildPhase section */
		6C2860FB2408040800D8C4B9 /* Frameworks */ = {
			isa = PBXFrameworksBuildPhase;
			buildActionMask = 2147483647;
			files = (
				DA36A6A9157FB43A9B01F9EA /* libPods-Git-Connect.a in Frameworks */,
			);
			runOnlyForDeploymentPostprocessing = 0;
		};
/* End PBXFrameworksBuildPhase section */

/* Begin PBXGroup section */
		19FF2E39CD64495E6341850C /* Pods */ = {
			isa = PBXGroup;
			children = (
				FEE0798E537586E0246DB0FC /* Pods-Git-Connect.debug.xcconfig */,
				DEEC7BA6911AC430A6980054 /* Pods-Git-Connect.release.xcconfig */,
			);
			path = Pods;
			sourceTree = "<group>";
		};
		6C2860F52408040800D8C4B9 = {
			isa = PBXGroup;
			children = (
				6C2861002408040800D8C4B9 /* Git-Connect */,
				6C2860FF2408040800D8C4B9 /* Products */,
				19FF2E39CD64495E6341850C /* Pods */,
				A1B6E0A670A59C1CCC85A61D /* Frameworks */,
			);
			sourceTree = "<group>";
		};
		6C2860FF2408040800D8C4B9 /* Products */ = {
			isa = PBXGroup;
			children = (
				6C2860FE2408040800D8C4B9 /* Git-Connect.app */,
			);
			name = Products;
			sourceTree = "<group>";
		};
		6C2861002408040800D8C4B9 /* Git-Connect */ = {
			isa = PBXGroup;
			children = (
				6C2861152408044C00D8C4B9 /* AppDelegate */,
				6C286118240804A200D8C4B9 /* BaseClasses */,
				6C2861172408048200D8C4B9 /* Networking */,
				6C2861162408047600D8C4B9 /* Model */,
				6C28611B240804F300D8C4B9 /* Scenes */,
				6C28611C2408051B00D8C4B9 /* Views */,
				6C28611D2408052500D8C4B9 /* ViewModels */,
				6C28611E2408053600D8C4B9 /* Protocols */,
				6C28611F2408055600D8C4B9 /* Constants */,
				6C28612A2408066800D8C4B9 /* Helpers */,
				6C286131240806E700D8C4B9 /* Extensions */,
				6C286145240808AC00D8C4B9 /* Resources */,
			);
			path = "Git-Connect";
			sourceTree = "<group>";
		};
		6C2861152408044C00D8C4B9 /* AppDelegate */ = {
			isa = PBXGroup;
			children = (
				6C2861012408040800D8C4B9 /* GCAppDelegate.swift */,
			);
			path = AppDelegate;
			sourceTree = "<group>";
		};
		6C2861162408047600D8C4B9 /* Model */ = {
			isa = PBXGroup;
			children = (
				6C286160240840C900D8C4B9 /* UserModel.swift */,
				6C30D7622409A80E008CFE68 /* RepoModel.swift */,
				6C30D7842409AC21008CFE68 /* SearchResultModel.swift */,
				6C30D7822409AC10008CFE68 /* Page.swift */,
			);
			path = Model;
			sourceTree = "<group>";
		};
		6C2861172408048200D8C4B9 /* Networking */ = {
			isa = PBXGroup;
			children = (
				6C28614B2408352600D8C4B9 /* NetworkError.swift */,
				6C28615C240839B300D8C4B9 /* RequestManager.swift */,
				6C28614D2408363C00D8C4B9 /* Request */,
				6C28614E2408364C00D8C4B9 /* Response */,
			);
			path = Networking;
			sourceTree = "<group>";
		};
		6C286118240804A200D8C4B9 /* BaseClasses */ = {
			isa = PBXGroup;
			children = (
				6C286119240804BD00D8C4B9 /* GCBaseViewController.swift */,
			);
			path = BaseClasses;
			sourceTree = "<group>";
		};
		6C28611B240804F300D8C4B9 /* Scenes */ = {
			isa = PBXGroup;
			children = (
				6C30D7712409AA73008CFE68 /* SearchModule */,
				6C30D7592409A661008CFE68 /* UserProfile */,
				6C2861462408091200D8C4B9 /* Login */,
			);
			path = Scenes;
			sourceTree = "<group>";
		};
		6C28611C2408051B00D8C4B9 /* Views */ = {
			isa = PBXGroup;
			children = (
				6C30D76C2409AA04008CFE68 /* EmptyView */,
				6C30D7642409A842008CFE68 /* TableCells */,
				6C30D7542409A344008CFE68 /* Tabbar */,
				6C30D74F2409A18D008CFE68 /* UIComponants */,
				6C286164240963F400D8C4B9 /* LoadingView */,
			);
			path = Views;
			sourceTree = "<group>";
		};
		6C28611D2408052500D8C4B9 /* ViewModels */ = {
			isa = PBXGroup;
			children = (
				6C28615E2408409B00D8C4B9 /* LoginViewModel.swift */,
				6C30D75E2409A6CC008CFE68 /* ProfileViewModel.swift */,
				6C30D7602409A7D8008CFE68 /* RepoViewModel.swift */,
				6C30D77A2409AB20008CFE68 /* SearchViewModel.swift */,
				6C30D77C2409ABD3008CFE68 /* GitHubUserListViewModel.swift */,
				6C30D77E2409ABE4008CFE68 /* RecentSearchViewModel.swift */,
				6C30D7802409ABF8008CFE68 /* RecentSearchesManager.swift */,
			);
			path = ViewModels;
			sourceTree = "<group>";
		};
		6C28611E2408053600D8C4B9 /* Protocols */ = {
			isa = PBXGroup;
			children = (
				6C2861202408058300D8C4B9 /* ViewLoaders */,
			);
			path = Protocols;
			sourceTree = "<group>";
		};
		6C28611F2408055600D8C4B9 /* Constants */ = {
			isa = PBXGroup;
			children = (
				6C2861282408061700D8C4B9 /* GCConstants.swift */,
			);
			path = Constants;
			sourceTree = "<group>";
		};
		6C2861202408058300D8C4B9 /* ViewLoaders */ = {
			isa = PBXGroup;
			children = (
				6C286121240805C200D8C4B9 /* Instantiatable.swift */,
				6C286123240805DA00D8C4B9 /* NibLoadable.swift */,
			);
			path = ViewLoaders;
			sourceTree = "<group>";
		};
		6C28612A2408066800D8C4B9 /* Helpers */ = {
			isa = PBXGroup;
			children = (
				6C28612B2408067900D8C4B9 /* Helper.swift */,
				6C28612D2408069700D8C4B9 /* Alert.swift */,
				6C28613C240807DA00D8C4B9 /* Pagination.swift */,
				6C28613A240807C200D8C4B9 /* CollectionChange.swift */,
				6C28612F240806BF00D8C4B9 /* UserDefaultsManager.swift */,
			);
			path = Helpers;
			sourceTree = "<group>";
		};
		6C286131240806E700D8C4B9 /* Extensions */ = {
			isa = PBXGroup;
			children = (
				6C286126240805F900D8C4B9 /* NSObject+Extension.swift */,
				6C2861432408089000D8C4B9 /* DateFormatter+CustomFormatter.swift */,
				6C2861322408074A00D8C4B9 /* UI */,
				6C2861402408085B00D8C4B9 /* JSONCodable */,
			);
			path = Extensions;
			sourceTree = "<group>";
		};
		6C2861322408074A00D8C4B9 /* UI */ = {
			isa = PBXGroup;
			children = (
				6C2861332408075700D8C4B9 /* UIView+Extensions.swift */,
				6C2861352408078500D8C4B9 /* UITableView+ReuseIdentifier.swift */,
				6C2861382408079A00D8C4B9 /* UITableView+CollectionChange.swift */,
				6C28613E240807EE00D8C4B9 /* UIImageView+ImageLoader.swift */,
			);
			path = UI;
			sourceTree = "<group>";
		};
		6C2861402408085B00D8C4B9 /* JSONCodable */ = {
			isa = PBXGroup;
			children = (
				6C2861412408086F00D8C4B9 /* Codable+JSONExtension.swift */,
			);
			path = JSONCodable;
			sourceTree = "<group>";
		};
		6C286145240808AC00D8C4B9 /* Resources */ = {
			isa = PBXGroup;
			children = (
				6C28610A2408040E00D8C4B9 /* Assets.xcassets */,
				6C28610C2408040E00D8C4B9 /* LaunchScreen.storyboard */,
				6C28610F2408040E00D8C4B9 /* Info.plist */,
			);
			path = Resources;
			sourceTree = "<group>";
		};
		6C2861462408091200D8C4B9 /* Login */ = {
			isa = PBXGroup;
			children = (
				6C2861472408092300D8C4B9 /* GCLoginVC.swift */,
				6C2861622409631E00D8C4B9 /* GCLoginVC+ViewModelDelegate.swift */,
				6C2861492408097300D8C4B9 /* LoginModule.storyboard */,
			);
			path = Login;
			sourceTree = "<group>";
		};
		6C28614D2408363C00D8C4B9 /* Request */ = {
			isa = PBXGroup;
			children = (
				6C28614F2408365E00D8C4B9 /* RouterProtocol.swift */,
				6C286151240836C900D8C4B9 /* WSRouter */,
			);
			path = Request;
			sourceTree = "<group>";
		};
		6C28614E2408364C00D8C4B9 /* Response */ = {
			isa = PBXGroup;
			children = (
				6C2861562408373000D8C4B9 /* ServiceResponse.swift */,
				6C2861582408373E00D8C4B9 /* WSResponse.swift */,
				6C28615A2408379800D8C4B9 /* WSFailureModel.swift */,
			);
			path = Response;
			sourceTree = "<group>";
		};
		6C286151240836C900D8C4B9 /* WSRouter */ = {
			isa = PBXGroup;
			children = (
				6C286152240836D500D8C4B9 /* WSRouter.swift */,
				6C286154240836E500D8C4B9 /* WSURLConstant.swift */,
			);
			path = WSRouter;
			sourceTree = "<group>";
		};
		6C286164240963F400D8C4B9 /* LoadingView */ = {
			isa = PBXGroup;
			children = (
				6C2861652409640000D8C4B9 /* LoadingView.swift */,
				6C6110722409649F00D78954 /* LoadingView.xib */,
			);
			path = LoadingView;
			sourceTree = "<group>";
		};
		6C30D74F2409A18D008CFE68 /* UIComponants */ = {
			isa = PBXGroup;
			children = (
				6C30D7502409A1A5008CFE68 /* CustomView.swift */,
				6C30D7522409A1BA008CFE68 /* CustomButton.swift */,
			);
			path = UIComponants;
			sourceTree = "<group>";
		};
		6C30D7542409A344008CFE68 /* Tabbar */ = {
			isa = PBXGroup;
			children = (
				6C30D7552409A3C4008CFE68 /* TabBarItem.swift */,
				6C30D7572409A5CC008CFE68 /* TabBarItemController.swift */,
				6C30D76A2409A95B008CFE68 /* GCTabBarController.swift */,
				6C30D7952409AE04008CFE68 /* GCTabBarController.xib */,
			);
			path = Tabbar;
			sourceTree = "<group>";
		};
		6C30D7592409A661008CFE68 /* UserProfile */ = {
			isa = PBXGroup;
			children = (
				6C30D75A2409A67C008CFE68 /* ProfileVC.swift */,
				6C30D75C2409A6A9008CFE68 /* ProfileVC+ViewModelDelegate.swift */,
				6C30D7972409AE49008CFE68 /* ProfileModule.storyboard */,
			);
			path = UserProfile;
			sourceTree = "<group>";
		};
		6C30D7642409A842008CFE68 /* TableCells */ = {
			isa = PBXGroup;
			children = (
				6C30D7902409ACE7008CFE68 /* RecentSearchesCell */,
				6C30D78B2409ACA3008CFE68 /* LoadingCell */,
				6C30D7862409AC69008CFE68 /* UserCell */,
				6C30D7652409A84F008CFE68 /* RepoCell */,
			);
			path = TableCells;
			sourceTree = "<group>";
		};
		6C30D7652409A84F008CFE68 /* RepoCell */ = {
			isa = PBXGroup;
			children = (
				6C30D7662409A85D008CFE68 /* RepoRowCell.swift */,
				6C30D7682409A887008CFE68 /* RepoRowCell.xib */,
			);
			path = RepoCell;
			sourceTree = "<group>";
		};
		6C30D76C2409AA04008CFE68 /* EmptyView */ = {
			isa = PBXGroup;
			children = (
				6C30D76D2409AA0D008CFE68 /* EmptyView.swift */,
				6C30D76F2409AA26008CFE68 /* EmptyView.xib */,
			);
			path = EmptyView;
			sourceTree = "<group>";
		};
		6C30D7712409AA73008CFE68 /* SearchModule */ = {
			isa = PBXGroup;
			children = (
				6C30D7722409AA82008CFE68 /* SearchVC.swift */,
				6C30D7742409AAB9008CFE68 /* SearchVC+SearchBarDelegate.swift */,
				6C30D7762409AACB008CFE68 /* SearchVC+TableViewDelegate.swift */,
				6C30D7782409AB02008CFE68 /* SearchVC+TableViewDataSource.swift */,
				6C30D7992409AE54008CFE68 /* SearchModule.storyboard */,
			);
			path = SearchModule;
			sourceTree = "<group>";
		};
		6C30D7862409AC69008CFE68 /* UserCell */ = {
			isa = PBXGroup;
			children = (
				6C30D7872409AC73008CFE68 /* UserRowCell.swift */,
				6C30D7892409AC8B008CFE68 /* UserRowCell.xib */,
			);
			path = UserCell;
			sourceTree = "<group>";
		};
		6C30D78B2409ACA3008CFE68 /* LoadingCell */ = {
			isa = PBXGroup;
			children = (
				6C30D78C2409ACAD008CFE68 /* LoadingCell.swift */,
				6C30D78E2409ACCA008CFE68 /* LoadingCell.xib */,
			);
			path = LoadingCell;
			sourceTree = "<group>";
		};
		6C30D7902409ACE7008CFE68 /* RecentSearchesCell */ = {
			isa = PBXGroup;
			children = (
				6C30D7912409ACF4008CFE68 /* RecentSearchesCell.swift */,
				6C30D7932409AD0E008CFE68 /* RecentSearchesCell.xib */,
			);
			path = RecentSearchesCell;
			sourceTree = "<group>";
		};
		A1B6E0A670A59C1CCC85A61D /* Frameworks */ = {
			isa = PBXGroup;
			children = (
				A2D34E4F63886906B5A95D13 /* libPods-Git-Connect.a */,
			);
			name = Frameworks;
			sourceTree = "<group>";
		};
/* End PBXGroup section */

/* Begin PBXNativeTarget section */
		6C2860FD2408040800D8C4B9 /* Git-Connect */ = {
			isa = PBXNativeTarget;
			buildConfigurationList = 6C2861122408040E00D8C4B9 /* Build configuration list for PBXNativeTarget "Git-Connect" */;
			buildPhases = (
				69BE788063B836107045C077 /* [CP] Check Pods Manifest.lock */,
				6C2860FA2408040800D8C4B9 /* Sources */,
				6C2860FB2408040800D8C4B9 /* Frameworks */,
				6C2860FC2408040800D8C4B9 /* Resources */,
			);
			buildRules = (
			);
			dependencies = (
			);
			name = "Git-Connect";
			productName = "Git-Connect";
			productReference = 6C2860FE2408040800D8C4B9 /* Git-Connect.app */;
			productType = "com.apple.product-type.application";
		};
/* End PBXNativeTarget section */

/* Begin PBXProject section */
		6C2860F62408040800D8C4B9 /* Project object */ = {
			isa = PBXProject;
			attributes = {
				LastSwiftUpdateCheck = 1120;
				LastUpgradeCheck = 1120;
				ORGANIZATIONNAME = sb;
				TargetAttributes = {
					6C2860FD2408040800D8C4B9 = {
						CreatedOnToolsVersion = 11.2;
					};
				};
			};
			buildConfigurationList = 6C2860F92408040800D8C4B9 /* Build configuration list for PBXProject "Git-Connect" */;
			compatibilityVersion = "Xcode 9.3";
			developmentRegion = en;
			hasScannedForEncodings = 0;
			knownRegions = (
				en,
				Base,
			);
			mainGroup = 6C2860F52408040800D8C4B9;
			productRefGroup = 6C2860FF2408040800D8C4B9 /* Products */;
			projectDirPath = "";
			projectRoot = "";
			targets = (
				6C2860FD2408040800D8C4B9 /* Git-Connect */,
			);
		};
/* End PBXProject section */

/* Begin PBXResourcesBuildPhase section */
		6C2860FC2408040800D8C4B9 /* Resources */ = {
			isa = PBXResourcesBuildPhase;
			buildActionMask = 2147483647;
			files = (
				6CA551A2240C32A4001A9749 /* LaunchScreen.storyboard in Resources */,
				6C30D7942409AD0E008CFE68 /* RecentSearchesCell.xib in Resources */,
				6C28614A2408097300D8C4B9 /* LoginModule.storyboard in Resources */,
				6C6110732409649F00D78954 /* LoadingView.xib in Resources */,
				6C30D7962409AE04008CFE68 /* GCTabBarController.xib in Resources */,
				6C30D7692409A887008CFE68 /* RepoRowCell.xib in Resources */,
				6C30D79A2409AE54008CFE68 /* SearchModule.storyboard in Resources */,
				6C30D7982409AE49008CFE68 /* ProfileModule.storyboard in Resources */,
				6C30D7702409AA26008CFE68 /* EmptyView.xib in Resources */,
				6C28610B2408040E00D8C4B9 /* Assets.xcassets in Resources */,
				6C30D78F2409ACCA008CFE68 /* LoadingCell.xib in Resources */,
				6C30D78A2409AC8B008CFE68 /* UserRowCell.xib in Resources */,
			);
			runOnlyForDeploymentPostprocessing = 0;
		};
/* End PBXResourcesBuildPhase section */

/* Begin PBXShellScriptBuildPhase section */
		69BE788063B836107045C077 /* [CP] Check Pods Manifest.lock */ = {
			isa = PBXShellScriptBuildPhase;
			buildActionMask = 2147483647;
			files = (
			);
			inputFileListPaths = (
			);
			inputPaths = (
				"${PODS_PODFILE_DIR_PATH}/Podfile.lock",
				"${PODS_ROOT}/Manifest.lock",
			);
			name = "[CP] Check Pods Manifest.lock";
			outputFileListPaths = (
			);
			outputPaths = (
				"$(DERIVED_FILE_DIR)/Pods-Git-Connect-checkManifestLockResult.txt",
			);
			runOnlyForDeploymentPostprocessing = 0;
			shellPath = /bin/sh;
			shellScript = "diff \"${PODS_PODFILE_DIR_PATH}/Podfile.lock\" \"${PODS_ROOT}/Manifest.lock\" > /dev/null\nif [ $? != 0 ] ; then\n    # print error to STDERR\n    echo \"error: The sandbox is not in sync with the Podfile.lock. Run 'pod install' or update your CocoaPods installation.\" >&2\n    exit 1\nfi\n# This output is used by Xcode 'outputs' to avoid re-running this script phase.\necho \"SUCCESS\" > \"${SCRIPT_OUTPUT_FILE_0}\"\n";
			showEnvVarsInLog = 0;
		};
/* End PBXShellScriptBuildPhase section */

/* Begin PBXSourcesBuildPhase section */
		6C2860FA2408040800D8C4B9 /* Sources */ = {
			isa = PBXSourcesBuildPhase;
			buildActionMask = 2147483647;
			files = (
				6C2861022408040800D8C4B9 /* GCAppDelegate.swift in Sources */,
				6C28615B2408379800D8C4B9 /* WSFailureModel.swift in Sources */,
				6C30D7882409AC73008CFE68 /* UserRowCell.swift in Sources */,
				6C30D77D2409ABD3008CFE68 /* GitHubUserListViewModel.swift in Sources */,
				6C2861442408089000D8C4B9 /* DateFormatter+CustomFormatter.swift in Sources */,
				6C30D7812409ABF8008CFE68 /* RecentSearchesManager.swift in Sources */,
				6C30D7832409AC10008CFE68 /* Page.swift in Sources */,
				6C2861502408365E00D8C4B9 /* RouterProtocol.swift in Sources */,
				6C30D7532409A1BA008CFE68 /* CustomButton.swift in Sources */,
				6C30D77F2409ABE4008CFE68 /* RecentSearchViewModel.swift in Sources */,
				6C28612C2408067900D8C4B9 /* Helper.swift in Sources */,
				6C30D7612409A7D8008CFE68 /* RepoViewModel.swift in Sources */,
				6C30D7922409ACF4008CFE68 /* RecentSearchesCell.swift in Sources */,
				6C2861592408373E00D8C4B9 /* WSResponse.swift in Sources */,
				6C30D7732409AA82008CFE68 /* SearchVC.swift in Sources */,
				6C2861422408086F00D8C4B9 /* Codable+JSONExtension.swift in Sources */,
				6C2861342408075700D8C4B9 /* UIView+Extensions.swift in Sources */,
				6C28615F2408409B00D8C4B9 /* LoginViewModel.swift in Sources */,
				6C30D7852409AC21008CFE68 /* SearchResultModel.swift in Sources */,
				6C30D7632409A80E008CFE68 /* RepoModel.swift in Sources */,
				6C28613D240807DA00D8C4B9 /* Pagination.swift in Sources */,
				6C2861292408061700D8C4B9 /* GCConstants.swift in Sources */,
				6C2861482408092300D8C4B9 /* GCLoginVC.swift in Sources */,
				6C2861632409631E00D8C4B9 /* GCLoginVC+ViewModelDelegate.swift in Sources */,
				6C286127240805F900D8C4B9 /* NSObject+Extension.swift in Sources */,
				6C30D7562409A3C4008CFE68 /* TabBarItem.swift in Sources */,
				6C286124240805DA00D8C4B9 /* NibLoadable.swift in Sources */,
				6C286130240806BF00D8C4B9 /* UserDefaultsManager.swift in Sources */,
				6C2861392408079A00D8C4B9 /* UITableView+CollectionChange.swift in Sources */,
				6C28615D240839B300D8C4B9 /* RequestManager.swift in Sources */,
				6C286153240836D500D8C4B9 /* WSRouter.swift in Sources */,
				6C28611A240804BD00D8C4B9 /* GCBaseViewController.swift in Sources */,
				6C28612E2408069700D8C4B9 /* Alert.swift in Sources */,
				6C30D76B2409A95B008CFE68 /* GCTabBarController.swift in Sources */,
				6C286122240805C200D8C4B9 /* Instantiatable.swift in Sources */,
				6C30D77B2409AB20008CFE68 /* SearchViewModel.swift in Sources */,
				6C30D7672409A85D008CFE68 /* RepoRowCell.swift in Sources */,
				6C30D7512409A1A5008CFE68 /* CustomView.swift in Sources */,
				6C28613B240807C200D8C4B9 /* CollectionChange.swift in Sources */,
				6C30D75F2409A6CC008CFE68 /* ProfileViewModel.swift in Sources */,
				6C2861662409640000D8C4B9 /* LoadingView.swift in Sources */,
				6C30D7792409AB02008CFE68 /* SearchVC+TableViewDataSource.swift in Sources */,
				6C286161240840C900D8C4B9 /* UserModel.swift in Sources */,
				6C30D78D2409ACAD008CFE68 /* LoadingCell.swift in Sources */,
				6C30D75D2409A6A9008CFE68 /* ProfileVC+ViewModelDelegate.swift in Sources */,
				6C2861362408078500D8C4B9 /* UITableView+ReuseIdentifier.swift in Sources */,
				6C28613F240807EE00D8C4B9 /* UIImageView+ImageLoader.swift in Sources */,
				6C30D75B2409A67C008CFE68 /* ProfileVC.swift in Sources */,
				6C30D7752409AAB9008CFE68 /* SearchVC+SearchBarDelegate.swift in Sources */,
				6C30D7772409AACB008CFE68 /* SearchVC+TableViewDelegate.swift in Sources */,
				6C30D7582409A5CC008CFE68 /* TabBarItemController.swift in Sources */,
				6C2861572408373000D8C4B9 /* ServiceResponse.swift in Sources */,
				6C28614C2408352600D8C4B9 /* NetworkError.swift in Sources */,
				6C30D76E2409AA0D008CFE68 /* EmptyView.swift in Sources */,
				6C286155240836E500D8C4B9 /* WSURLConstant.swift in Sources */,
			);
			runOnlyForDeploymentPostprocessing = 0;
		};
/* End PBXSourcesBuildPhase section */

/* Begin PBXVariantGroup section */
		6C28610C2408040E00D8C4B9 /* LaunchScreen.storyboard */ = {
			isa = PBXVariantGroup;
			children = (
				6C28610D2408040E00D8C4B9 /* Base */,
			);
			name = LaunchScreen.storyboard;
			sourceTree = "<group>";
		};
/* End PBXVariantGroup section */

/* Begin XCBuildConfiguration section */
		6C2861102408040E00D8C4B9 /* Debug */ = {
			isa = XCBuildConfiguration;
			buildSettings = {
				ALWAYS_SEARCH_USER_PATHS = NO;
				CLANG_ANALYZER_NONNULL = YES;
				CLANG_ANALYZER_NUMBER_OBJECT_CONVERSION = YES_AGGRESSIVE;
				CLANG_CXX_LANGUAGE_STANDARD = "gnu++14";
				CLANG_CXX_LIBRARY = "libc++";
				CLANG_ENABLE_MODULES = YES;
				CLANG_ENABLE_OBJC_ARC = YES;
				CLANG_ENABLE_OBJC_WEAK = YES;
				CLANG_WARN_BLOCK_CAPTURE_AUTORELEASING = YES;
				CLANG_WARN_BOOL_CONVERSION = YES;
				CLANG_WARN_COMMA = YES;
				CLANG_WARN_CONSTANT_CONVERSION = YES;
				CLANG_WARN_DEPRECATED_OBJC_IMPLEMENTATIONS = YES;
				CLANG_WARN_DIRECT_OBJC_ISA_USAGE = YES_ERROR;
				CLANG_WARN_DOCUMENTATION_COMMENTS = YES;
				CLANG_WARN_EMPTY_BODY = YES;
				CLANG_WARN_ENUM_CONVERSION = YES;
				CLANG_WARN_INFINITE_RECURSION = YES;
				CLANG_WARN_INT_CONVERSION = YES;
				CLANG_WARN_NON_LITERAL_NULL_CONVERSION = YES;
				CLANG_WARN_OBJC_IMPLICIT_RETAIN_SELF = YES;
				CLANG_WARN_OBJC_LITERAL_CONVERSION = YES;
				CLANG_WARN_OBJC_ROOT_CLASS = YES_ERROR;
				CLANG_WARN_RANGE_LOOP_ANALYSIS = YES;
				CLANG_WARN_STRICT_PROTOTYPES = YES;
				CLANG_WARN_SUSPICIOUS_MOVE = YES;
				CLANG_WARN_UNGUARDED_AVAILABILITY = YES_AGGRESSIVE;
				CLANG_WARN_UNREACHABLE_CODE = YES;
				CLANG_WARN__DUPLICATE_METHOD_MATCH = YES;
				COPY_PHASE_STRIP = NO;
				DEBUG_INFORMATION_FORMAT = dwarf;
				ENABLE_STRICT_OBJC_MSGSEND = YES;
				ENABLE_TESTABILITY = YES;
				GCC_C_LANGUAGE_STANDARD = gnu11;
				GCC_DYNAMIC_NO_PIC = NO;
				GCC_NO_COMMON_BLOCKS = YES;
				GCC_OPTIMIZATION_LEVEL = 0;
				GCC_PREPROCESSOR_DEFINITIONS = (
					"DEBUG=1",
					"$(inherited)",
				);
				GCC_WARN_64_TO_32_BIT_CONVERSION = YES;
				GCC_WARN_ABOUT_RETURN_TYPE = YES_ERROR;
				GCC_WARN_UNDECLARED_SELECTOR = YES;
				GCC_WARN_UNINITIALIZED_AUTOS = YES_AGGRESSIVE;
				GCC_WARN_UNUSED_FUNCTION = YES;
				GCC_WARN_UNUSED_VARIABLE = YES;
				IPHONEOS_DEPLOYMENT_TARGET = 13.2;
				MTL_ENABLE_DEBUG_INFO = INCLUDE_SOURCE;
				MTL_FAST_MATH = YES;
				ONLY_ACTIVE_ARCH = YES;
				SDKROOT = iphoneos;
				SWIFT_ACTIVE_COMPILATION_CONDITIONS = DEBUG;
				SWIFT_OPTIMIZATION_LEVEL = "-Onone";
			};
			name = Debug;
		};
		6C2861112408040E00D8C4B9 /* Release */ = {
			isa = XCBuildConfiguration;
			buildSettings = {
				ALWAYS_SEARCH_USER_PATHS = NO;
				CLANG_ANALYZER_NONNULL = YES;
				CLANG_ANALYZER_NUMBER_OBJECT_CONVERSION = YES_AGGRESSIVE;
				CLANG_CXX_LANGUAGE_STANDARD = "gnu++14";
				CLANG_CXX_LIBRARY = "libc++";
				CLANG_ENABLE_MODULES = YES;
				CLANG_ENABLE_OBJC_ARC = YES;
				CLANG_ENABLE_OBJC_WEAK = YES;
				CLANG_WARN_BLOCK_CAPTURE_AUTORELEASING = YES;
				CLANG_WARN_BOOL_CONVERSION = YES;
				CLANG_WARN_COMMA = YES;
				CLANG_WARN_CONSTANT_CONVERSION = YES;
				CLANG_WARN_DEPRECATED_OBJC_IMPLEMENTATIONS = YES;
				CLANG_WARN_DIRECT_OBJC_ISA_USAGE = YES_ERROR;
				CLANG_WARN_DOCUMENTATION_COMMENTS = YES;
				CLANG_WARN_EMPTY_BODY = YES;
				CLANG_WARN_ENUM_CONVERSION = YES;
				CLANG_WARN_INFINITE_RECURSION = YES;
				CLANG_WARN_INT_CONVERSION = YES;
				CLANG_WARN_NON_LITERAL_NULL_CONVERSION = YES;
				CLANG_WARN_OBJC_IMPLICIT_RETAIN_SELF = YES;
				CLANG_WARN_OBJC_LITERAL_CONVERSION = YES;
				CLANG_WARN_OBJC_ROOT_CLASS = YES_ERROR;
				CLANG_WARN_RANGE_LOOP_ANALYSIS = YES;
				CLANG_WARN_STRICT_PROTOTYPES = YES;
				CLANG_WARN_SUSPICIOUS_MOVE = YES;
				CLANG_WARN_UNGUARDED_AVAILABILITY = YES_AGGRESSIVE;
				CLANG_WARN_UNREACHABLE_CODE = YES;
				CLANG_WARN__DUPLICATE_METHOD_MATCH = YES;
				COPY_PHASE_STRIP = NO;
				DEBUG_INFORMATION_FORMAT = "dwarf-with-dsym";
				ENABLE_NS_ASSERTIONS = NO;
				ENABLE_STRICT_OBJC_MSGSEND = YES;
				GCC_C_LANGUAGE_STANDARD = gnu11;
				GCC_NO_COMMON_BLOCKS = YES;
				GCC_WARN_64_TO_32_BIT_CONVERSION = YES;
				GCC_WARN_ABOUT_RETURN_TYPE = YES_ERROR;
				GCC_WARN_UNDECLARED_SELECTOR = YES;
				GCC_WARN_UNINITIALIZED_AUTOS = YES_AGGRESSIVE;
				GCC_WARN_UNUSED_FUNCTION = YES;
				GCC_WARN_UNUSED_VARIABLE = YES;
				IPHONEOS_DEPLOYMENT_TARGET = 13.2;
				MTL_ENABLE_DEBUG_INFO = NO;
				MTL_FAST_MATH = YES;
				SDKROOT = iphoneos;
				SWIFT_COMPILATION_MODE = wholemodule;
				SWIFT_OPTIMIZATION_LEVEL = "-O";
				VALIDATE_PRODUCT = YES;
			};
			name = Release;
		};
		6C2861132408040E00D8C4B9 /* Debug */ = {
			isa = XCBuildConfiguration;
			baseConfigurationReference = FEE0798E537586E0246DB0FC /* Pods-Git-Connect.debug.xcconfig */;
			buildSettings = {
				ASSETCATALOG_COMPILER_APPICON_NAME = AppIcon;
				CODE_SIGN_IDENTITY = "Apple Development";
				CODE_SIGN_STYLE = Automatic;
				CURRENT_PROJECT_VERSION = 1;
				DEVELOPMENT_TEAM = 9E5FQU42R9;
				INFOPLIST_FILE = "Git-Connect/Info.plist";
				IPHONEOS_DEPLOYMENT_TARGET = 11.0;
				LD_RUNPATH_SEARCH_PATHS = (
					"$(inherited)",
					"@executable_path/Frameworks",
				);
				MARKETING_VERSION = 1.0;
				PRODUCT_BUNDLE_IDENTIFIER = "com.git-connect";
				PRODUCT_NAME = "$(TARGET_NAME)";
				PROVISIONING_PROFILE_SPECIFIER = "";
				SWIFT_VERSION = 5.0;
				TARGETED_DEVICE_FAMILY = 1;
			};
			name = Debug;
		};
		6C2861142408040E00D8C4B9 /* Release */ = {
			isa = XCBuildConfiguration;
			baseConfigurationReference = DEEC7BA6911AC430A6980054 /* Pods-Git-Connect.release.xcconfig */;
			buildSettings = {
				ASSETCATALOG_COMPILER_APPICON_NAME = AppIcon;
				CODE_SIGN_IDENTITY = "Apple Development";
				CODE_SIGN_STYLE = Automatic;
				CURRENT_PROJECT_VERSION = 1;
				DEVELOPMENT_TEAM = 9E5FQU42R9;
				INFOPLIST_FILE = "Git-Connect/Info.plist";
				IPHONEOS_DEPLOYMENT_TARGET = 11.0;
				LD_RUNPATH_SEARCH_PATHS = (
					"$(inherited)",
					"@executable_path/Frameworks",
				);
				MARKETING_VERSION = 1.0;
				PRODUCT_BUNDLE_IDENTIFIER = "com.git-connect";
				PRODUCT_NAME = "$(TARGET_NAME)";
				PROVISIONING_PROFILE_SPECIFIER = "";
				SWIFT_VERSION = 5.0;
				TARGETED_DEVICE_FAMILY = 1;
			};
			name = Release;
		};
/* End XCBuildConfiguration section */

/* Begin XCConfigurationList section */
		6C2860F92408040800D8C4B9 /* Build configuration list for PBXProject "Git-Connect" */ = {
			isa = XCConfigurationList;
			buildConfigurations = (
				6C2861102408040E00D8C4B9 /* Debug */,
				6C2861112408040E00D8C4B9 /* Release */,
			);
			defaultConfigurationIsVisible = 0;
			defaultConfigurationName = Release;
		};
		6C2861122408040E00D8C4B9 /* Build configuration list for PBXNativeTarget "Git-Connect" */ = {
			isa = XCConfigurationList;
			buildConfigurations = (
				6C2861132408040E00D8C4B9 /* Debug */,
				6C2861142408040E00D8C4B9 /* Release */,
			);
			defaultConfigurationIsVisible = 0;
			defaultConfigurationName = Release;
		};
/* End XCConfigurationList section */
	};
	rootObject = 6C2860F62408040800D8C4B9 /* Project object */;
}
